<Solution>
  <Project Path="NodeCanvas.csproj" />
  <Project Path="Assembly-CSharp.csproj" />
  <Project Path="MoreMountains.Tools.csproj" />
  <Project Path="CustomInspector.Editor.csproj" />
  <Project Path="CustomInspector.Helpers.csproj" />
  <Project Path="DTT.RuntimeUtilities.Runtime.csproj" />
  <Project Path="ParadoxNotion.csproj" />
  <Project Path="DTT.EditorUtilities.Editor.csproj" />
  <Project Path="Lofelt.NiceVibrations.Demo.csproj" />
  <Project Path="CustomInspector.csproj" />
  <Project Path="CustomInspector.Helpers.Editor.csproj" />
  <Project Path="DTT.ProceduralUI.Editor.csproj" />
  <Project Path="DTT.ProceduralUI.Tests.csproj" />
  <Project Path="Yasinski.SimpleFolders.Colorizer.Editor.csproj" />
  <Project Path="DTT.PublishingTools.Editor.csproj" />
  <Project Path="MoreMountains.Tools.Editor.csproj" />
  <Project Path="vkg.virgoc.csproj" />
  <Project Path="CustomInspector.Documentation.Editor.csproj" />
  <Project Path="DTT.ProceduralUI.Runtime.csproj" />
  <Project Path="Lofelt.NiceVibrations.Editor.csproj" />
  <Project Path="DTT.EditorUtilities.Demo.csproj" />
  <Project Path="vkg.virgoc.Editor.csproj" />
  <Project Path="DTT.PublishingTools.Runtime.csproj" />
  <Project Path="DTT.RuntimeUtilities.Demo.csproj" />
  <Project Path="DTT.ProceduralUI.Tests.Editor.csproj" />
  <Project Path="Assembly-CSharp-Editor.csproj" />
  <Project Path="Lofelt.NiceVibrations.csproj" />
  <Project Path="CustomInspector.Demo.csproj" />
  <Project Path="DTT.ProceduralUI.Runtime.Unsafe.csproj" />
  <Project Path="DTT.ProceduralUI.Demo.csproj" />
</Solution>
